// !$*UTF8*$!
{
	archiveVersion = 1;
	classes = {
	};
	objectVersion = 50;
	objects = {

/* Begin PBXBuildFile section */
		BCB7B47523B31A9D0091932D /* AppDelegate.swift in Sources */ = {isa = PBXBuildFile; fileRef = BCB7B47423B31A9D0091932D /* AppDelegate.swift */; };
		BCB7B47923B31A9D0091932D /* ViewController.swift in Sources */ = {isa = PBXBuildFile; fileRef = BCB7B47823B31A9D0091932D /* ViewController.swift */; };
		BCB7B47E23B31AA10091932D /* Assets.xcassets in Resources */ = {isa = PBXBuildFile; fileRef = BCB7B47D23B31AA10091932D /* Assets.xcassets */; };
		BCB7B48123B31AA10091932D /* LaunchScreen.storyboard in Resources */ = {isa = PBXBuildFile; fileRef = BCB7B47F23B31AA10091932D /* LaunchScreen.storyboard */; };
		BCB7B48C23B31AA10091932D /* YZYMoonDemoTests.swift in Sources */ = {isa = PBXBuildFile; fileRef = BCB7B48B23B31AA10091932D /* YZYMoonDemoTests.swift */; };
		BCB7B49723B31AA10091932D /* YZYMoonDemoUITests.swift in Sources */ = {isa = PBXBuildFile; fileRef = BCB7B49623B31AA10091932D /* YZYMoonDemoUITests.swift */; };
		BCB7B4A723B31B250091932D /* PTMoonPanelView.swift in Sources */ = {isa = PBXBuildFile; fileRef = BCB7B4A523B31B250091932D /* PTMoonPanelView.swift */; };
		BCB7B4A823B31B250091932D /* PTMoonView.swift in Sources */ = {isa = PBXBuildFile; fileRef = BCB7B4A623B31B250091932D /* PTMoonView.swift */; };
		BCB7B4AB23B31BE80091932D /* UIColor+Extension.swift in Sources */ = {isa = PBXBuildFile; fileRef = BCB7B4AA23B31BE80091932D /* UIColor+Extension.swift */; };
		BCB7B4AD23B31BF60091932D /* UIView+Extension.swift in Sources */ = {isa = PBXBuildFile; fileRef = BCB7B4AC23B31BF60091932D /* UIView+Extension.swift */; };
		BCB7B4AF23B31C210091932D /* UIDevice+Extension.swift in Sources */ = {isa = PBXBuildFile; fileRef = BCB7B4AE23B31C210091932D /* UIDevice+Extension.swift */; };
/* End PBXBuildFile section */

/* Begin PBXContainerItemProxy section */
		BCB7B48823B31AA10091932D /* PBXContainerItemProxy */ = {
			isa = PBXContainerItemProxy;
			containerPortal = BCB7B46923B31A9D0091932D /* Project object */;
			proxyType = 1;
			remoteGlobalIDString = BCB7B47023B31A9D0091932D;
			remoteInfo = YZYMoonDemo;
		};
		BCB7B49323B31AA10091932D /* PBXContainerItemProxy */ = {
			isa = PBXContainerItemProxy;
			containerPortal = BCB7B46923B31A9D0091932D /* Project object */;
			proxyType = 1;
			remoteGlobalIDString = BCB7B47023B31A9D0091932D;
			remoteInfo = YZYMoonDemo;
		};
/* End PBXContainerItemProxy section */

/* Begin PBXFileReference section */
		BCB7B47123B31A9D0091932D /* YZYMoonDemo.app */ = {isa = PBXFileReference; explicitFileType = wrapper.application; includeInIndex = 0; path = YZYMoonDemo.app; sourceTree = BUILT_PRODUCTS_DIR; };
		BCB7B47423B31A9D0091932D /* AppDelegate.swift */ = {isa = PBXFileReference; lastKnownFileType = sourcecode.swift; path = AppDelegate.swift; sourceTree = "<group>"; };
		BCB7B47823B31A9D0091932D /* ViewController.swift */ = {isa = PBXFileReference; lastKnownFileType = sourcecode.swift; path = ViewController.swift; sourceTree = "<group>"; };
		BCB7B47D23B31AA10091932D /* Assets.xcassets */ = {isa = PBXFileReference; lastKnownFileType = folder.assetcatalog; path = Assets.xcassets; sourceTree = "<group>"; };
		BCB7B48023B31AA10091932D /* Base */ = {isa = PBXFileReference; lastKnownFileType = file.storyboard; name = Base; path = Base.lproj/LaunchScreen.storyboard; sourceTree = "<group>"; };
		BCB7B48223B31AA10091932D /* Info.plist */ = {isa = PBXFileReference; lastKnownFileType = text.plist.xml; path = Info.plist; sourceTree = "<group>"; };
		BCB7B48723B31AA10091932D /* YZYMoonDemoTests.xctest */ = {isa = PBXFileReference; explicitFileType = wrapper.cfbundle; includeInIndex = 0; path = YZYMoonDemoTests.xctest; sourceTree = BUILT_PRODUCTS_DIR; };
		BCB7B48B23B31AA10091932D /* YZYMoonDemoTests.swift */ = {isa = PBXFileReference; lastKnownFileType = sourcecode.swift; path = YZYMoonDemoTests.swift; sourceTree = "<group>"; };
		BCB7B48D23B31AA10091932D /* Info.plist */ = {isa = PBXFileReference; lastKnownFileType = text.plist.xml; path = Info.plist; sourceTree = "<group>"; };
		BCB7B49223B31AA10091932D /* YZYMoonDemoUITests.xctest */ = {isa = PBXFileReference; explicitFileType = wrapper.cfbundle; includeInIndex = 0; path = YZYMoonDemoUITests.xctest; sourceTree = BUILT_PRODUCTS_DIR; };
		BCB7B49623B31AA10091932D /* YZYMoonDemoUITests.swift */ = {isa = PBXFileReference; lastKnownFileType = sourcecode.swift; path = YZYMoonDemoUITests.swift; sourceTree = "<group>"; };
		BCB7B49823B31AA10091932D /* Info.plist */ = {isa = PBXFileReference; lastKnownFileType = text.plist.xml; path = Info.plist; sourceTree = "<group>"; };
		BCB7B4A523B31B250091932D /* PTMoonPanelView.swift */ = {isa = PBXFileReference; fileEncoding = 4; lastKnownFileType = sourcecode.swift; path = PTMoonPanelView.swift; sourceTree = "<group>"; };
		BCB7B4A623B31B250091932D /* PTMoonView.swift */ = {isa = PBXFileReference; fileEncoding = 4; lastKnownFileType = sourcecode.swift; path = PTMoonView.swift; sourceTree = "<group>"; };
		BCB7B4AA23B31BE80091932D /* UIColor+Extension.swift */ = {isa = PBXFileReference; fileEncoding = 4; lastKnownFileType = sourcecode.swift; path = "UIColor+Extension.swift"; sourceTree = "<group>"; };
		BCB7B4AC23B31BF60091932D /* UIView+Extension.swift */ = {isa = PBXFileReference; fileEncoding = 4; lastKnownFileType = sourcecode.swift; path = "UIView+Extension.swift"; sourceTree = "<group>"; };
		BCB7B4AE23B31C210091932D /* UIDevice+Extension.swift */ = {isa = PBXFileReference; fileEncoding = 4; lastKnownFileType = sourcecode.swift; path = "UIDevice+Extension.swift"; sourceTree = "<group>"; };
/* End PBXFileReference section */

/* Begin PBXFrameworksBuildPhase section */
		BCB7B46E23B31A9D0091932D /* Frameworks */ = {
			isa = PBXFrameworksBuildPhase;
			buildActionMask = 2147483647;
			files = (
			);
			runOnlyForDeploymentPostprocessing = 0;
		};
		BCB7B48423B31AA10091932D /* Frameworks */ = {
			isa = PBXFrameworksBuildPhase;
			buildActionMask = 2147483647;
			files = (
			);
			runOnlyForDeploymentPostprocessing = 0;
		};
		BCB7B48F23B31AA10091932D /* Frameworks */ = {
			isa = PBXFrameworksBuildPhase;
			buildActionMask = 2147483647;
			files = (
			);
			runOnlyForDeploymentPostprocessing = 0;
		};
/* End PBXFrameworksBuildPhase section */

/* Begin PBXGroup section */
		BCB7B46823B31A9D0091932D = {
			isa = PBXGroup;
			children = (
				BCB7B47323B31A9D0091932D /* YZYMoonDemo */,
				BCB7B48A23B31AA10091932D /* YZYMoonDemoTests */,
				BCB7B49523B31AA10091932D /* YZYMoonDemoUITests */,
				BCB7B47223B31A9D0091932D /* Products */,
			);
			sourceTree = "<group>";
		};
		BCB7B47223B31A9D0091932D /* Products */ = {
			isa = PBXGroup;
			children = (
				BCB7B47123B31A9D0091932D /* YZYMoonDemo.app */,
				BCB7B48723B31AA10091932D /* YZYMoonDemoTests.xctest */,
				BCB7B49223B31AA10091932D /* YZYMoonDemoUITests.xctest */,
			);
			name = Products;
			sourceTree = "<group>";
		};
		BCB7B47323B31A9D0091932D /* YZYMoonDemo */ = {
			isa = PBXGroup;
			children = (
				BCB7B4A923B31B2C0091932D /* Tool */,
				BCB7B4A423B31AA60091932D /* MoonModule */,
				BCB7B47423B31A9D0091932D /* AppDelegate.swift */,
				BCB7B47823B31A9D0091932D /* ViewController.swift */,
				BCB7B47D23B31AA10091932D /* Assets.xcassets */,
				BCB7B47F23B31AA10091932D /* LaunchScreen.storyboard */,
				BCB7B48223B31AA10091932D /* Info.plist */,
			);
			path = YZYMoonDemo;
			sourceTree = "<group>";
		};
		BCB7B48A23B31AA10091932D /* YZYMoonDemoTests */ = {
			isa = PBXGroup;
			children = (
				BCB7B48B23B31AA10091932D /* YZYMoonDemoTests.swift */,
				BCB7B48D23B31AA10091932D /* Info.plist */,
			);
			path = YZYMoonDemoTests;
			sourceTree = "<group>";
		};
		BCB7B49523B31AA10091932D /* YZYMoonDemoUITests */ = {
			isa = PBXGroup;
			children = (
				BCB7B49623B31AA10091932D /* YZYMoonDemoUITests.swift */,
				BCB7B49823B31AA10091932D /* Info.plist */,
			);
			path = YZYMoonDemoUITests;
			sourceTree = "<group>";
		};
		BCB7B4A423B31AA60091932D /* MoonModule */ = {
			isa = PBXGroup;
			children = (
				BCB7B4A523B31B250091932D /* PTMoonPanelView.swift */,
				BCB7B4A623B31B250091932D /* PTMoonView.swift */,
			);
			path = MoonModule;
			sourceTree = "<group>";
		};
		BCB7B4A923B31B2C0091932D /* Tool */ = {
			isa = PBXGroup;
			children = (
				BCB7B4AE23B31C210091932D /* UIDevice+Extension.swift */,
				BCB7B4AC23B31BF60091932D /* UIView+Extension.swift */,
				BCB7B4AA23B31BE80091932D /* UIColor+Extension.swift */,
			);
			path = Tool;
			sourceTree = "<group>";
		};
/* End PBXGroup section */

/* Begin PBXNativeTarget section */
		BCB7B47023B31A9D0091932D /* YZYMoonDemo */ = {
			isa = PBXNativeTarget;
			buildConfigurationList = BCB7B49B23B31AA10091932D /* Build configuration list for PBXNativeTarget "YZYMoonDemo" */;
			buildPhases = (
				BCB7B46D23B31A9D0091932D /* Sources */,
				BCB7B46E23B31A9D0091932D /* Frameworks */,
				BCB7B46F23B31A9D0091932D /* Resources */,
			);
			buildRules = (
			);
			dependencies = (
			);
			name = YZYMoonDemo;
			productName = YZYMoonDemo;
			productReference = BCB7B47123B31A9D0091932D /* YZYMoonDemo.app */;
			productType = "com.apple.product-type.application";
		};
		BCB7B48623B31AA10091932D /* YZYMoonDemoTests */ = {
			isa = PBXNativeTarget;
			buildConfigurationList = BCB7B49E23B31AA10091932D /* Build configuration list for PBXNativeTarget "YZYMoonDemoTests" */;
			buildPhases = (
				BCB7B48323B31AA10091932D /* Sources */,
				BCB7B48423B31AA10091932D /* Frameworks */,
				BCB7B48523B31AA10091932D /* Resources */,
			);
			buildRules = (
			);
			dependencies = (
				BCB7B48923B31AA10091932D /* PBXTargetDependency */,
			);
			name = YZYMoonDemoTests;
			productName = YZYMoonDemoTests;
			productReference = BCB7B48723B31AA10091932D /* YZYMoonDemoTests.xctest */;
			productType = "com.apple.product-type.bundle.unit-test";
		};
		BCB7B49123B31AA10091932D /* YZYMoonDemoUITests */ = {
			isa = PBXNativeTarget;
			buildConfigurationList = BCB7B4A123B31AA10091932D /* Build configuration list for PBXNativeTarget "YZYMoonDemoUITests" */;
			buildPhases = (
				BCB7B48E23B31AA10091932D /* Sources */,
				BCB7B48F23B31AA10091932D /* Frameworks */,
				BCB7B49023B31AA10091932D /* Resources */,
			);
			buildRules = (
			);
			dependencies = (
				BCB7B49423B31AA10091932D /* PBXTargetDependency */,
			);
			name = YZYMoonDemoUITests;
			productName = YZYMoonDemoUITests;
			productReference = BCB7B49223B31AA10091932D /* YZYMoonDemoUITests.xctest */;
			productType = "com.apple.product-type.bundle.ui-testing";
		};
/* End PBXNativeTarget section */

/* Begin PBXProject section */
		BCB7B46923B31A9D0091932D /* Project object */ = {
			isa = PBXProject;
			attributes = {
				LastSwiftUpdateCheck = 1130;
				LastUpgradeCheck = 1130;
				ORGANIZATIONNAME = "芝麻酱";
				TargetAttributes = {
					BCB7B47023B31A9D0091932D = {
						CreatedOnToolsVersion = 11.3;
					};
					BCB7B48623B31AA10091932D = {
						CreatedOnToolsVersion = 11.3;
						TestTargetID = BCB7B47023B31A9D0091932D;
					};
					BCB7B49123B31AA10091932D = {
						CreatedOnToolsVersion = 11.3;
						TestTargetID = BCB7B47023B31A9D0091932D;
					};
				};
			};
			buildConfigurationList = BCB7B46C23B31A9D0091932D /* Build configuration list for PBXProject "YZYMoonDemo" */;
			compatibilityVersion = "Xcode 9.3";
			developmentRegion = en;
			hasScannedForEncodings = 0;
			knownRegions = (
				en,
				Base,
			);
			mainGroup = BCB7B46823B31A9D0091932D;
			productRefGroup = BCB7B47223B31A9D0091932D /* Products */;
			projectDirPath = "";
			projectRoot = "";
			targets = (
				BCB7B47023B31A9D0091932D /* YZYMoonDemo */,
				BCB7B48623B31AA10091932D /* YZYMoonDemoTests */,
				BCB7B49123B31AA10091932D /* YZYMoonDemoUITests */,
			);
		};
/* End PBXProject section */

/* Begin PBXResourcesBuildPhase section */
		BCB7B46F23B31A9D0091932D /* Resources */ = {
			isa = PBXResourcesBuildPhase;
			buildActionMask = 2147483647;
			files = (
				BCB7B48123B31AA10091932D /* LaunchScreen.storyboard in Resources */,
				BCB7B47E23B31AA10091932D /* Assets.xcassets in Resources */,
			);
			runOnlyForDeploymentPostprocessing = 0;
		};
		BCB7B48523B31AA10091932D /* Resources */ = {
			isa = PBXResourcesBuildPhase;
			buildActionMask = 2147483647;
			files = (
			);
			runOnlyForDeploymentPostprocessing = 0;
		};
		BCB7B49023B31AA10091932D /* Resources */ = {
			isa = PBXResourcesBuildPhase;
			buildActionMask = 2147483647;
			files = (
			);
			runOnlyForDeploymentPostprocessing = 0;
		};
/* End PBXResourcesBuildPhase section */

/* Begin PBXSourcesBuildPhase section */
		BCB7B46D23B31A9D0091932D /* Sources */ = {
			isa = PBXSourcesBuildPhase;
			buildActionMask = 2147483647;
			files = (
				BCB7B4AD23B31BF60091932D /* UIView+Extension.swift in Sources */,
				BCB7B4AF23B31C210091932D /* UIDevice+Extension.swift in Sources */,
				BCB7B47923B31A9D0091932D /* ViewController.swift in Sources */,
				BCB7B47523B31A9D0091932D /* AppDelegate.swift in Sources */,
				BCB7B4A723B31B250091932D /* PTMoonPanelView.swift in Sources */,
				BCB7B4A823B31B250091932D /* PTMoonView.swift in Sources */,
				BCB7B4AB23B31BE80091932D /* UIColor+Extension.swift in Sources */,
			);
			runOnlyForDeploymentPostprocessing = 0;
		};
		BCB7B48323B31AA10091932D /* Sources */ = {
			isa = PBXSourcesBuildPhase;
			buildActionMask = 2147483647;
			files = (
				BCB7B48C23B31AA10091932D /* YZYMoonDemoTests.swift in Sources */,
			);
			runOnlyForDeploymentPostprocessing = 0;
		};
		BCB7B48E23B31AA10091932D /* Sources */ = {
			isa = PBXSourcesBuildPhase;
			buildActionMask = 2147483647;
			files = (
				BCB7B49723B31AA10091932D /* YZYMoonDemoUITests.swift in Sources */,
			);
			runOnlyForDeploymentPostprocessing = 0;
		};
/* End PBXSourcesBuildPhase section */

/* Begin PBXTargetDependency section */
		BCB7B48923B31AA10091932D /* PBXTargetDependency */ = {
			isa = PBXTargetDependency;
			target = BCB7B47023B31A9D0091932D /* YZYMoonDemo */;
			targetProxy = BCB7B48823B31AA10091932D /* PBXContainerItemProxy */;
		};
		BCB7B49423B31AA10091932D /* PBXTargetDependency */ = {
			isa = PBXTargetDependency;
			target = BCB7B47023B31A9D0091932D /* YZYMoonDemo */;
			targetProxy = BCB7B49323B31AA10091932D /* PBXContainerItemProxy */;
		};
/* End PBXTargetDependency section */

/* Begin PBXVariantGroup section */
		BCB7B47F23B31AA10091932D /* LaunchScreen.storyboard */ = {
			isa = PBXVariantGroup;
			children = (
				BCB7B48023B31AA10091932D /* Base */,
			);
			name = LaunchScreen.storyboard;
			sourceTree = "<group>";
		};
/* End PBXVariantGroup section */

/* Begin XCBuildConfiguration section */
		BCB7B49923B31AA10091932D /* Debug */ = {
			isa = XCBuildConfiguration;
			buildSettings = {
				ALWAYS_SEARCH_USER_PATHS = NO;
				CLANG_ANALYZER_NONNULL = YES;
				CLANG_ANALYZER_NUMBER_OBJECT_CONVERSION = YES_AGGRESSIVE;
				CLANG_CXX_LANGUAGE_STANDARD = "gnu++14";
				CLANG_CXX_LIBRARY = "libc++";
				CLANG_ENABLE_MODULES = YES;
				CLANG_ENABLE_OBJC_ARC = YES;
				CLANG_ENABLE_OBJC_WEAK = YES;
				CLANG_WARN_BLOCK_CAPTURE_AUTORELEASING = YES;
				CLANG_WARN_BOOL_CONVERSION = YES;
				CLANG_WARN_COMMA = YES;
				CLANG_WARN_CONSTANT_CONVERSION = YES;
				CLANG_WARN_DEPRECATED_OBJC_IMPLEMENTATIONS = YES;
				CLANG_WARN_DIRECT_OBJC_ISA_USAGE = YES_ERROR;
				CLANG_WARN_DOCUMENTATION_COMMENTS = YES;
				CLANG_WARN_EMPTY_BODY = YES;
				CLANG_WARN_ENUM_CONVERSION = YES;
				CLANG_WARN_INFINITE_RECURSION = YES;
				CLANG_WARN_INT_CONVERSION = YES;
				CLANG_WARN_NON_LITERAL_NULL_CONVERSION = YES;
				CLANG_WARN_OBJC_IMPLICIT_RETAIN_SELF = YES;
				CLANG_WARN_OBJC_LITERAL_CONVERSION = YES;
				CLANG_WARN_OBJC_ROOT_CLASS = YES_ERROR;
				CLANG_WARN_RANGE_LOOP_ANALYSIS = YES;
				CLANG_WARN_STRICT_PROTOTYPES = YES;
				CLANG_WARN_SUSPICIOUS_MOVE = YES;
				CLANG_WARN_UNGUARDED_AVAILABILITY = YES_AGGRESSIVE;
				CLANG_WARN_UNREACHABLE_CODE = YES;
				CLANG_WARN__DUPLICATE_METHOD_MATCH = YES;
				COPY_PHASE_STRIP = NO;
				DEBUG_INFORMATION_FORMAT = dwarf;
				ENABLE_STRICT_OBJC_MSGSEND = YES;
				ENABLE_TESTABILITY = YES;
				GCC_C_LANGUAGE_STANDARD = gnu11;
				GCC_DYNAMIC_NO_PIC = NO;
				GCC_NO_COMMON_BLOCKS = YES;
				GCC_OPTIMIZATION_LEVEL = 0;
				GCC_PREPROCESSOR_DEFINITIONS = (
					"DEBUG=1",
					"$(inherited)",
				);
				GCC_WARN_64_TO_32_BIT_CONVERSION = YES;
				GCC_WARN_ABOUT_RETURN_TYPE = YES_ERROR;
				GCC_WARN_UNDECLARED_SELECTOR = YES;
				GCC_WARN_UNINITIALIZED_AUTOS = YES_AGGRESSIVE;
				GCC_WARN_UNUSED_FUNCTION = YES;
				GCC_WARN_UNUSED_VARIABLE = YES;
				IPHONEOS_DEPLOYMENT_TARGET = 13.2;
				MTL_ENABLE_DEBUG_INFO = INCLUDE_SOURCE;
				MTL_FAST_MATH = YES;
				ONLY_ACTIVE_ARCH = YES;
				SDKROOT = iphoneos;
				SWIFT_ACTIVE_COMPILATION_CONDITIONS = DEBUG;
				SWIFT_OPTIMIZATION_LEVEL = "-Onone";
			};
			name = Debug;
		};
		BCB7B49A23B31AA10091932D /* Release */ = {
			isa = XCBuildConfiguration;
			buildSettings = {
				ALWAYS_SEARCH_USER_PATHS = NO;
				CLANG_ANALYZER_NONNULL = YES;
				CLANG_ANALYZER_NUMBER_OBJECT_CONVERSION = YES_AGGRESSIVE;
				CLANG_CXX_LANGUAGE_STANDARD = "gnu++14";
				CLANG_CXX_LIBRARY = "libc++";
				CLANG_ENABLE_MODULES = YES;
				CLANG_ENABLE_OBJC_ARC = YES;
				CLANG_ENABLE_OBJC_WEAK = YES;
				CLANG_WARN_BLOCK_CAPTURE_AUTORELEASING = YES;
				CLANG_WARN_BOOL_CONVERSION = YES;
				CLANG_WARN_COMMA = YES;
				CLANG_WARN_CONSTANT_CONVERSION = YES;
				CLANG_WARN_DEPRECATED_OBJC_IMPLEMENTATIONS = YES;
				CLANG_WARN_DIRECT_OBJC_ISA_USAGE = YES_ERROR;
				CLANG_WARN_DOCUMENTATION_COMMENTS = YES;
				CLANG_WARN_EMPTY_BODY = YES;
				CLANG_WARN_ENUM_CONVERSION = YES;
				CLANG_WARN_INFINITE_RECURSION = YES;
				CLANG_WARN_INT_CONVERSION = YES;
				CLANG_WARN_NON_LITERAL_NULL_CONVERSION = YES;
				CLANG_WARN_OBJC_IMPLICIT_RETAIN_SELF = YES;
				CLANG_WARN_OBJC_LITERAL_CONVERSION = YES;
				CLANG_WARN_OBJC_ROOT_CLASS = YES_ERROR;
				CLANG_WARN_RANGE_LOOP_ANALYSIS = YES;
				CLANG_WARN_STRICT_PROTOTYPES = YES;
				CLANG_WARN_SUSPICIOUS_MOVE = YES;
				CLANG_WARN_UNGUARDED_AVAILABILITY = YES_AGGRESSIVE;
				CLANG_WARN_UNREACHABLE_CODE = YES;
				CLANG_WARN__DUPLICATE_METHOD_MATCH = YES;
				COPY_PHASE_STRIP = NO;
				DEBUG_INFORMATION_FORMAT = "dwarf-with-dsym";
				ENABLE_NS_ASSERTIONS = NO;
				ENABLE_STRICT_OBJC_MSGSEND = YES;
				GCC_C_LANGUAGE_STANDARD = gnu11;
				GCC_NO_COMMON_BLOCKS = YES;
				GCC_WARN_64_TO_32_BIT_CONVERSION = YES;
				GCC_WARN_ABOUT_RETURN_TYPE = YES_ERROR;
				GCC_WARN_UNDECLARED_SELECTOR = YES;
				GCC_WARN_UNINITIALIZED_AUTOS = YES_AGGRESSIVE;
				GCC_WARN_UNUSED_FUNCTION = YES;
				GCC_WARN_UNUSED_VARIABLE = YES;
				IPHONEOS_DEPLOYMENT_TARGET = 13.2;
				MTL_ENABLE_DEBUG_INFO = NO;
				MTL_FAST_MATH = YES;
				SDKROOT = iphoneos;
				SWIFT_COMPILATION_MODE = wholemodule;
				SWIFT_OPTIMIZATION_LEVEL = "-O";
				VALIDATE_PRODUCT = YES;
			};
			name = Release;
		};
		BCB7B49C23B31AA10091932D /* Debug */ = {
			isa = XCBuildConfiguration;
			buildSettings = {
				ASSETCATALOG_COMPILER_APPICON_NAME = AppIcon;
				CODE_SIGN_STYLE = Automatic;
				DEVELOPMENT_TEAM = 2MSFKUF8TG;
				INFOPLIST_FILE = YZYMoonDemo/Info.plist;
				LD_RUNPATH_SEARCH_PATHS = (
					"$(inherited)",
					"@executable_path/Frameworks",
				);
				PRODUCT_BUNDLE_IDENTIFIER = com.huantengSmart.YZYMoonDemo;
				PRODUCT_NAME = "$(TARGET_NAME)";
				SWIFT_VERSION = 5.0;
				TARGETED_DEVICE_FAMILY = "1,2";
			};
			name = Debug;
		};
		BCB7B49D23B31AA10091932D /* Release */ = {
			isa = XCBuildConfiguration;
			buildSettings = {
				ASSETCATALOG_COMPILER_APPICON_NAME = AppIcon;
				CODE_SIGN_STYLE = Automatic;
				DEVELOPMENT_TEAM = 2MSFKUF8TG;
				INFOPLIST_FILE = YZYMoonDemo/Info.plist;
				LD_RUNPATH_SEARCH_PATHS = (
					"$(inherited)",
					"@executable_path/Frameworks",
				);
				PRODUCT_BUNDLE_IDENTIFIER = com.huantengSmart.YZYMoonDemo;
				PRODUCT_NAME = "$(TARGET_NAME)";
				SWIFT_VERSION = 5.0;
				TARGETED_DEVICE_FAMILY = "1,2";
			};
			name = Release;
		};
		BCB7B49F23B31AA10091932D /* Debug */ = {
			isa = XCBuildConfiguration;
			buildSettings = {
				ALWAYS_EMBED_SWIFT_STANDARD_LIBRARIES = YES;
				BUNDLE_LOADER = "$(TEST_HOST)";
				CODE_SIGN_STYLE = Automatic;
				DEVELOPMENT_TEAM = 2MSFKUF8TG;
				INFOPLIST_FILE = YZYMoonDemoTests/Info.plist;
				IPHONEOS_DEPLOYMENT_TARGET = 13.2;
				LD_RUNPATH_SEARCH_PATHS = (
					"$(inherited)",
					"@executable_path/Frameworks",
					"@loader_path/Frameworks",
				);
				PRODUCT_BUNDLE_IDENTIFIER = com.huantengSmart.YZYMoonDemoTests;
				PRODUCT_NAME = "$(TARGET_NAME)";
				SWIFT_VERSION = 5.0;
				TARGETED_DEVICE_FAMILY = "1,2";
				TEST_HOST = "$(BUILT_PRODUCTS_DIR)/YZYMoonDemo.app/YZYMoonDemo";
			};
			name = Debug;
		};
		BCB7B4A023B31AA10091932D /* Release */ = {
			isa = XCBuildConfiguration;
			buildSettings = {
				ALWAYS_EMBED_SWIFT_STANDARD_LIBRARIES = YES;
				BUNDLE_LOADER = "$(TEST_HOST)";
				CODE_SIGN_STYLE = Automatic;
				DEVELOPMENT_TEAM = 2MSFKUF8TG;
				INFOPLIST_FILE = YZYMoonDemoTests/Info.plist;
				IPHONEOS_DEPLOYMENT_TARGET = 13.2;
				LD_RUNPATH_SEARCH_PATHS = (
					"$(inherited)",
					"@executable_path/Frameworks",
					"@loader_path/Frameworks",
				);
				PRODUCT_BUNDLE_IDENTIFIER = com.huantengSmart.YZYMoonDemoTests;
				PRODUCT_NAME = "$(TARGET_NAME)";
				SWIFT_VERSION = 5.0;
				TARGETED_DEVICE_FAMILY = "1,2";
				TEST_HOST = "$(BUILT_PRODUCTS_DIR)/YZYMoonDemo.app/YZYMoonDemo";
			};
			name = Release;
		};
		BCB7B4A223B31AA10091932D /* Debug */ = {
			isa = XCBuildConfiguration;
			buildSettings = {
				ALWAYS_EMBED_SWIFT_STANDARD_LIBRARIES = YES;
				CODE_SIGN_STYLE = Automatic;
				DEVELOPMENT_TEAM = 2MSFKUF8TG;
				INFOPLIST_FILE = YZYMoonDemoUITests/Info.plist;
				LD_RUNPATH_SEARCH_PATHS = (
					"$(inherited)",
					"@executable_path/Frameworks",
					"@loader_path/Frameworks",
				);
				PRODUCT_BUNDLE_IDENTIFIER = com.huantengSmart.YZYMoonDemoUITests;
				PRODUCT_NAME = "$(TARGET_NAME)";
				SWIFT_VERSION = 5.0;
				TARGETED_DEVICE_FAMILY = "1,2";
				TEST_TARGET_NAME = YZYMoonDemo;
			};
			name = Debug;
		};
		BCB7B4A323B31AA10091932D /* Release */ = {
			isa = XCBuildConfiguration;
			buildSettings = {
				ALWAYS_EMBED_SWIFT_STANDARD_LIBRARIES = YES;
				CODE_SIGN_STYLE = Automatic;
				DEVELOPMENT_TEAM = 2MSFKUF8TG;
				INFOPLIST_FILE = YZYMoonDemoUITests/Info.plist;
				LD_RUNPATH_SEARCH_PATHS = (
					"$(inherited)",
					"@executable_path/Frameworks",
					"@loader_path/Frameworks",
				);
				PRODUCT_BUNDLE_IDENTIFIER = com.huantengSmart.YZYMoonDemoUITests;
				PRODUCT_NAME = "$(TARGET_NAME)";
				SWIFT_VERSION = 5.0;
				TARGETED_DEVICE_FAMILY = "1,2";
				TEST_TARGET_NAME = YZYMoonDemo;
			};
			name = Release;
		};
/* End XCBuildConfiguration section */

/* Begin XCConfigurationList section */
		BCB7B46C23B31A9D0091932D /* Build configuration list for PBXProject "YZYMoonDemo" */ = {
			isa = XCConfigurationList;
			buildConfigurations = (
				BCB7B49923B31AA10091932D /* Debug */,
				BCB7B49A23B31AA10091932D /* Release */,
			);
			defaultConfigurationIsVisible = 0;
			defaultConfigurationName = Release;
		};
		BCB7B49B23B31AA10091932D /* Build configuration list for PBXNativeTarget "YZYMoonDemo" */ = {
			isa = XCConfigurationList;
			buildConfigurations = (
				BCB7B49C23B31AA10091932D /* Debug */,
				BCB7B49D23B31AA10091932D /* Release */,
			);
			defaultConfigurationIsVisible = 0;
			defaultConfigurationName = Release;
		};
		BCB7B49E23B31AA10091932D /* Build configuration list for PBXNativeTarget "YZYMoonDemoTests" */ = {
			isa = XCConfigurationList;
			buildConfigurations = (
				BCB7B49F23B31AA10091932D /* Debug */,
				BCB7B4A023B31AA10091932D /* Release */,
			);
			defaultConfigurationIsVisible = 0;
			defaultConfigurationName = Release;
		};
		BCB7B4A123B31AA10091932D /* Build configuration list for PBXNativeTarget "YZYMoonDemoUITests" */ = {
			isa = XCConfigurationList;
			buildConfigurations = (
				BCB7B4A223B31AA10091932D /* Debug */,
				BCB7B4A323B31AA10091932D /* Release */,
			);
			defaultConfigurationIsVisible = 0;
			defaultConfigurationName = Release;
		};
/* End XCConfigurationList section */
	};
	rootObject = BCB7B46923B31A9D0091932D /* Project object */;
}
